// !$*UTF8*$!
{
	archiveVersion = 1;
	classes = {
	};
	objectVersion = 46;
	objects = {

/* Begin PBXBuildFile section */
		2F35BF171B45A01E00816E1D /* main.m in Sources */ = {isa = PBXBuildFile; fileRef = 2F35BF161B45A01E00816E1D /* main.m */; };
		2F35BF1A1B45A01E00816E1D /* AppDelegate.m in Sources */ = {isa = PBXBuildFile; fileRef = 2F35BF191B45A01E00816E1D /* AppDelegate.m */; };
		2F35BF1D1B45A01E00816E1D /* FirstViewController.m in Sources */ = {isa = PBXBuildFile; fileRef = 2F35BF1C1B45A01E00816E1D /* FirstViewController.m */; };
		2F35BF201B45A01E00816E1D /* SecondViewController.m in Sources */ = {isa = PBXBuildFile; fileRef = 2F35BF1F1B45A01E00816E1D /* SecondViewController.m */; };
		2F35BF231B45A01E00816E1D /* Main.storyboard in Resources */ = {isa = PBXBuildFile; fileRef = 2F35BF211B45A01E00816E1D /* Main.storyboard */; };
		2F35BF251B45A02000816E1D /* Images.xcassets in Resources */ = {isa = PBXBuildFile; fileRef = 2F35BF241B45A02000816E1D /* Images.xcassets */; };
		2F35BF281B45A02000816E1D /* LaunchScreen.xib in Resources */ = {isa = PBXBuildFile; fileRef = 2F35BF261B45A02000816E1D /* LaunchScreen.xib */; };
		2F35BF341B45A02000816E1D /* FizzBuzzTests.m in Sources */ = {isa = PBXBuildFile; fileRef = 2F35BF331B45A02000816E1D /* FizzBuzzTests.m */; };
/* End PBXBuildFile section */

/* Begin PBXContainerItemProxy section */
		2F35BF2E1B45A02000816E1D /* PBXContainerItemProxy */ = {
			isa = PBXContainerItemProxy;
			containerPortal = 2F35BF091B45A01D00816E1D /* Project object */;
			proxyType = 1;
			remoteGlobalIDString = 2F35BF101B45A01E00816E1D;
			remoteInfo = FizzBuzz;
		};
/* End PBXContainerItemProxy section */

/* Begin PBXFileReference section */
		2F35BF111B45A01E00816E1D /* FizzBuzz.app */ = {isa = PBXFileReference; explicitFileType = wrapper.application; includeInIndex = 0; path = FizzBuzz.app; sourceTree = BUILT_PRODUCTS_DIR; };
		2F35BF151B45A01E00816E1D /* Info.plist */ = {isa = PBXFileReference; lastKnownFileType = text.plist.xml; path = Info.plist; sourceTree = "<group>"; };
		2F35BF161B45A01E00816E1D /* main.m */ = {isa = PBXFileReference; lastKnownFileType = sourcecode.c.objc; path = main.m; sourceTree = "<group>"; };
		2F35BF181B45A01E00816E1D /* AppDelegate.h */ = {isa = PBXFileReference; lastKnownFileType = sourcecode.c.h; path = AppDelegate.h; sourceTree = "<group>"; };
		2F35BF191B45A01E00816E1D /* AppDelegate.m */ = {isa = PBXFileReference; lastKnownFileType = sourcecode.c.objc; path = AppDelegate.m; sourceTree = "<group>"; };
		2F35BF1B1B45A01E00816E1D /* FirstViewController.h */ = {isa = PBXFileReference; lastKnownFileType = sourcecode.c.h; path = FirstViewController.h; sourceTree = "<group>"; };
		2F35BF1C1B45A01E00816E1D /* FirstViewController.m */ = {isa = PBXFileReference; lastKnownFileType = sourcecode.c.objc; path = FirstViewController.m; sourceTree = "<group>"; };
		2F35BF1E1B45A01E00816E1D /* SecondViewController.h */ = {isa = PBXFileReference; lastKnownFileType = sourcecode.c.h; path = SecondViewController.h; sourceTree = "<group>"; };
		2F35BF1F1B45A01E00816E1D /* SecondViewController.m */ = {isa = PBXFileReference; lastKnownFileType = sourcecode.c.objc; path = SecondViewController.m; sourceTree = "<group>"; };
		2F35BF221B45A01E00816E1D /* Base */ = {isa = PBXFileReference; lastKnownFileType = file.storyboard; name = Base; path = Base.lproj/Main.storyboard; sourceTree = "<group>"; };
		2F35BF241B45A02000816E1D /* Images.xcassets */ = {isa = PBXFileReference; lastKnownFileType = folder.assetcatalog; path = Images.xcassets; sourceTree = "<group>"; };
		2F35BF271B45A02000816E1D /* Base */ = {isa = PBXFileReference; lastKnownFileType = file.xib; name = Base; path = Base.lproj/LaunchScreen.xib; sourceTree = "<group>"; };
		2F35BF2D1B45A02000816E1D /* FizzBuzzTests.xctest */ = {isa = PBXFileReference; explicitFileType = wrapper.cfbundle; includeInIndex = 0; path = FizzBuzzTests.xctest; sourceTree = BUILT_PRODUCTS_DIR; };
		2F35BF321B45A02000816E1D /* Info.plist */ = {isa = PBXFileReference; lastKnownFileType = text.plist.xml; path = Info.plist; sourceTree = "<group>"; };
		2F35BF331B45A02000816E1D /* FizzBuzzTests.m */ = {isa = PBXFileReference; lastKnownFileType = sourcecode.c.objc; path = FizzBuzzTests.m; sourceTree = "<group>"; };
/* End PBXFileReference section */

/* Begin PBXFrameworksBuildPhase section */
		2F35BF0E1B45A01E00816E1D /* Frameworks */ = {
			isa = PBXFrameworksBuildPhase;
			buildActionMask = 2147483647;
			files = (
			);
			runOnlyForDeploymentPostprocessing = 0;
		};
		2F35BF2A1B45A02000816E1D /* Frameworks */ = {
			isa = PBXFrameworksBuildPhase;
			buildActionMask = 2147483647;
			files = (
			);
			runOnlyForDeploymentPostprocessing = 0;
		};
/* End PBXFrameworksBuildPhase section */

/* Begin PBXGroup section */
		2F35BF081B45A01D00816E1D = {
			isa = PBXGroup;
			children = (
				2F35BF131B45A01E00816E1D /* FizzBuzz */,
				2F35BF301B45A02000816E1D /* FizzBuzzTests */,
				2F35BF121B45A01E00816E1D /* Products */,
			);
			sourceTree = "<group>";
		};
		2F35BF121B45A01E00816E1D /* Products */ = {
			isa = PBXGroup;
			children = (
				2F35BF111B45A01E00816E1D /* FizzBuzz.app */,
				2F35BF2D1B45A02000816E1D /* FizzBuzzTests.xctest */,
			);
			name = Products;
			sourceTree = "<group>";
		};
		2F35BF131B45A01E00816E1D /* FizzBuzz */ = {
			isa = PBXGroup;
			children = (
				2F35BF181B45A01E00816E1D /* AppDelegate.h */,
				2F35BF191B45A01E00816E1D /* AppDelegate.m */,
				2F35BF1B1B45A01E00816E1D /* FirstViewController.h */,
				2F35BF1C1B45A01E00816E1D /* FirstViewController.m */,
				2F35BF1E1B45A01E00816E1D /* SecondViewController.h */,
				2F35BF1F1B45A01E00816E1D /* SecondViewController.m */,
				2F35BF211B45A01E00816E1D /* Main.storyboard */,
				2F35BF241B45A02000816E1D /* Images.xcassets */,
				2F35BF261B45A02000816E1D /* LaunchScreen.xib */,
				2F35BF141B45A01E00816E1D /* Supporting Files */,
			);
			path = FizzBuzz;
			sourceTree = "<group>";
		};
		2F35BF141B45A01E00816E1D /* Supporting Files */ = {
			isa = PBXGroup;
			children = (
				2F35BF151B45A01E00816E1D /* Info.plist */,
				2F35BF161B45A01E00816E1D /* main.m */,
			);
			name = "Supporting Files";
			sourceTree = "<group>";
		};
		2F35BF301B45A02000816E1D /* FizzBuzzTests */ = {
			isa = PBXGroup;
			children = (
				2F35BF331B45A02000816E1D /* FizzBuzzTests.m */,
				2F35BF311B45A02000816E1D /* Supporting Files */,
			);
			path = FizzBuzzTests;
			sourceTree = "<group>";
		};
		2F35BF311B45A02000816E1D /* Supporting Files */ = {
			isa = PBXGroup;
			children = (
				2F35BF321B45A02000816E1D /* Info.plist */,
			);
			name = "Supporting Files";
			sourceTree = "<group>";
		};
/* End PBXGroup section */

/* Begin PBXNativeTarget section */
		2F35BF101B45A01E00816E1D /* FizzBuzz */ = {
			isa = PBXNativeTarget;
			buildConfigurationList = 2F35BF371B45A02000816E1D /* Build configuration list for PBXNativeTarget "FizzBuzz" */;
			buildPhases = (
				2F35BF0D1B45A01E00816E1D /* Sources */,
				2F35BF0E1B45A01E00816E1D /* Frameworks */,
				2F35BF0F1B45A01E00816E1D /* Resources */,
			);
			buildRules = (
			);
			dependencies = (
			);
			name = FizzBuzz;
			productName = FizzBuzz;
			productReference = 2F35BF111B45A01E00816E1D /* FizzBuzz.app */;
			productType = "com.apple.product-type.application";
		};
		2F35BF2C1B45A02000816E1D /* FizzBuzzTests */ = {
			isa = PBXNativeTarget;
			buildConfigurationList = 2F35BF3A1B45A02000816E1D /* Build configuration list for PBXNativeTarget "FizzBuzzTests" */;
			buildPhases = (
				2F35BF291B45A02000816E1D /* Sources */,
				2F35BF2A1B45A02000816E1D /* Frameworks */,
				2F35BF2B1B45A02000816E1D /* Resources */,
			);
			buildRules = (
			);
			dependencies = (
				2F35BF2F1B45A02000816E1D /* PBXTargetDependency */,
			);
			name = FizzBuzzTests;
			productName = FizzBuzzTests;
			productReference = 2F35BF2D1B45A02000816E1D /* FizzBuzzTests.xctest */;
			productType = "com.apple.product-type.bundle.unit-test";
		};
/* End PBXNativeTarget section */

/* Begin PBXProject section */
		2F35BF091B45A01D00816E1D /* Project object */ = {
			isa = PBXProject;
			attributes = {
				LastUpgradeCheck = 0630;
				ORGANIZATIONNAME = "Bhanu Birani";
				TargetAttributes = {
					2F35BF101B45A01E00816E1D = {
						CreatedOnToolsVersion = 6.3;
					};
					2F35BF2C1B45A02000816E1D = {
						CreatedOnToolsVersion = 6.3;
						TestTargetID = 2F35BF101B45A01E00816E1D;
					};
				};
			};
			buildConfigurationList = 2F35BF0C1B45A01D00816E1D /* Build configuration list for PBXProject "FizzBuzz" */;
			compatibilityVersion = "Xcode 3.2";
			developmentRegion = English;
			hasScannedForEncodings = 0;
			knownRegions = (
				en,
				Base,
			);
			mainGroup = 2F35BF081B45A01D00816E1D;
			productRefGroup = 2F35BF121B45A01E00816E1D /* Products */;
			projectDirPath = "";
			projectRoot = "";
			targets = (
				2F35BF101B45A01E00816E1D /* FizzBuzz */,
				2F35BF2C1B45A02000816E1D /* FizzBuzzTests */,
			);
		};
/* End PBXProject section */

/* Begin PBXResourcesBuildPhase section */
		2F35BF0F1B45A01E00816E1D /* Resources */ = {
			isa = PBXResourcesBuildPhase;
			buildActionMask = 2147483647;
			files = (
				2F35BF231B45A01E00816E1D /* Main.storyboard in Resources */,
				2F35BF281B45A02000816E1D /* LaunchScreen.xib in Resources */,
				2F35BF251B45A02000816E1D /* Images.xcassets in Resources */,
			);
			runOnlyForDeploymentPostprocessing = 0;
		};
		2F35BF2B1B45A02000816E1D /* Resources */ = {
			isa = PBXResourcesBuildPhase;
			buildActionMask = 2147483647;
			files = (
			);
			runOnlyForDeploymentPostprocessing = 0;
		};
/* End PBXResourcesBuildPhase section */

/* Begin PBXSourcesBuildPhase section */
		2F35BF0D1B45A01E00816E1D /* Sources */ = {
			isa = PBXSourcesBuildPhase;
			buildActionMask = 2147483647;
			files = (
				2F35BF201B45A01E00816E1D /* SecondViewController.m in Sources */,
				2F35BF1A1B45A01E00816E1D /* AppDelegate.m in Sources */,
				2F35BF1D1B45A01E00816E1D /* FirstViewController.m in Sources */,
				2F35BF171B45A01E00816E1D /* main.m in Sources */,
			);
			runOnlyForDeploymentPostprocessing = 0;
		};
		2F35BF291B45A02000816E1D /* Sources */ = {
			isa = PBXSourcesBuildPhase;
			buildActionMask = 2147483647;
			files = (
				2F35BF341B45A02000816E1D /* FizzBuzzTests.m in Sources */,
			);
			runOnlyForDeploymentPostprocessing = 0;
		};
/* End PBXSourcesBuildPhase section */

/* Begin PBXTargetDependency section */
		2F35BF2F1B45A02000816E1D /* PBXTargetDependency */ = {
			isa = PBXTargetDependency;
			target = 2F35BF101B45A01E00816E1D /* FizzBuzz */;
			targetProxy = 2F35BF2E1B45A02000816E1D /* PBXContainerItemProxy */;
		};
/* End PBXTargetDependency section */

/* Begin PBXVariantGroup section */
		2F35BF211B45A01E00816E1D /* Main.storyboard */ = {
			isa = PBXVariantGroup;
			children = (
				2F35BF221B45A01E00816E1D /* Base */,
			);
			name = Main.storyboard;
			sourceTree = "<group>";
		};
		2F35BF261B45A02000816E1D /* LaunchScreen.xib */ = {
			isa = PBXVariantGroup;
			children = (
				2F35BF271B45A02000816E1D /* Base */,
			);
			name = LaunchScreen.xib;
			sourceTree = "<group>";
		};
/* End PBXVariantGroup section */

/* Begin XCBuildConfiguration section */
		2F35BF351B45A02000816E1D /* Debug */ = {
			isa = XCBuildConfiguration;
			buildSettings = {
				ALWAYS_SEARCH_USER_PATHS = NO;
				CLANG_CXX_LANGUAGE_STANDARD = "gnu++0x";
				CLANG_CXX_LIBRARY = "libc++";
				CLANG_ENABLE_MODULES = YES;
				CLANG_ENABLE_OBJC_ARC = YES;
				CLANG_WARN_BOOL_CONVERSION = YES;
				CLANG_WARN_CONSTANT_CONVERSION = YES;
				CLANG_WARN_DIRECT_OBJC_ISA_USAGE = YES_ERROR;
				CLANG_WARN_EMPTY_BODY = YES;
				CLANG_WARN_ENUM_CONVERSION = YES;
				CLANG_WARN_INT_CONVERSION = YES;
				CLANG_WARN_OBJC_ROOT_CLASS = YES_ERROR;
				CLANG_WARN_UNREACHABLE_CODE = YES;
				CLANG_WARN__DUPLICATE_METHOD_MATCH = YES;
				"CODE_SIGN_IDENTITY[sdk=iphoneos*]" = "iPhone Developer";
				COPY_PHASE_STRIP = NO;
				DEBUG_INFORMATION_FORMAT = "dwarf-with-dsym";
				ENABLE_STRICT_OBJC_MSGSEND = YES;
				GCC_C_LANGUAGE_STANDARD = gnu99;
				GCC_DYNAMIC_NO_PIC = NO;
				GCC_NO_COMMON_BLOCKS = YES;
				GCC_OPTIMIZATION_LEVEL = 0;
				GCC_PREPROCESSOR_DEFINITIONS = (
					"DEBUG=1",
					"$(inherited)",
				);
				GCC_SYMBOLS_PRIVATE_EXTERN = NO;
				GCC_WARN_64_TO_32_BIT_CONVERSION = YES;
				GCC_WARN_ABOUT_RETURN_TYPE = YES_ERROR;
				GCC_WARN_UNDECLARED_SELECTOR = YES;
				GCC_WARN_UNINITIALIZED_AUTOS = YES_AGGRESSIVE;
				GCC_WARN_UNUSED_FUNCTION = YES;
				GCC_WARN_UNUSED_VARIABLE = YES;
				IPHONEOS_DEPLOYMENT_TARGET = 8.3;
				MTL_ENABLE_DEBUG_INFO = YES;
				ONLY_ACTIVE_ARCH = YES;
				SDKROOT = iphoneos;
			};
			name = Debug;
		};
		2F35BF361B45A02000816E1D /* Release */ = {
			isa = XCBuildConfiguration;
			buildSettings = {
				ALWAYS_SEARCH_USER_PATHS = NO;
				CLANG_CXX_LANGUAGE_STANDARD = "gnu++0x";
				CLANG_CXX_LIBRARY = "libc++";
				CLANG_ENABLE_MODULES = YES;
				CLANG_ENABLE_OBJC_ARC = YES;
				CLANG_WARN_BOOL_CONVERSION = YES;
				CLANG_WARN_CONSTANT_CONVERSION = YES;
				CLANG_WARN_DIRECT_OBJC_ISA_USAGE = YES_ERROR;
				CLANG_WARN_EMPTY_BODY = YES;
				CLANG_WARN_ENUM_CONVERSION = YES;
				CLANG_WARN_INT_CONVERSION = YES;
				CLANG_WARN_OBJC_ROOT_CLASS = YES_ERROR;
				CLANG_WARN_UNREACHABLE_CODE = YES;
				CLANG_WARN__DUPLICATE_METHOD_MATCH = YES;
				"CODE_SIGN_IDENTITY[sdk=iphoneos*]" = "iPhone Developer";
				COPY_PHASE_STRIP = NO;
				DEBUG_INFORMATION_FORMAT = "dwarf-with-dsym";
				ENABLE_NS_ASSERTIONS = NO;
				ENABLE_STRICT_OBJC_MSGSEND = YES;
				GCC_C_LANGUAGE_STANDARD = gnu99;
				GCC_NO_COMMON_BLOCKS = YES;
				GCC_WARN_64_TO_32_BIT_CONVERSION = YES;
				GCC_WARN_ABOUT_RETURN_TYPE = YES_ERROR;
				GCC_WARN_UNDECLARED_SELECTOR = YES;
				GCC_WARN_UNINITIALIZED_AUTOS = YES_AGGRESSIVE;
				GCC_WARN_UNUSED_FUNCTION = YES;
				GCC_WARN_UNUSED_VARIABLE = YES;
				IPHONEOS_DEPLOYMENT_TARGET = 8.3;
				MTL_ENABLE_DEBUG_INFO = NO;
				SDKROOT = iphoneos;
				VALIDATE_PRODUCT = YES;
			};
			name = Release;
		};
		2F35BF381B45A02000816E1D /* Debug */ = {
			isa = XCBuildConfiguration;
			buildSettings = {
				ASSETCATALOG_COMPILER_APPICON_NAME = AppIcon;
				INFOPLIST_FILE = FizzBuzz/Info.plist;
				LD_RUNPATH_SEARCH_PATHS = "$(inherited) @executable_path/Frameworks";
				PRODUCT_NAME = "$(TARGET_NAME)";
			};
			name = Debug;
		};
		2F35BF391B45A02000816E1D /* Release */ = {
			isa = XCBuildConfiguration;
			buildSettings = {
				ASSETCATALOG_COMPILER_APPICON_NAME = AppIcon;
				INFOPLIST_FILE = FizzBuzz/Info.plist;
				LD_RUNPATH_SEARCH_PATHS = "$(inherited) @executable_path/Frameworks";
				PRODUCT_NAME = "$(TARGET_NAME)";
			};
			name = Release;
		};
		2F35BF3B1B45A02000816E1D /* Debug */ = {
			isa = XCBuildConfiguration;
			buildSettings = {
				BUNDLE_LOADER = "$(TEST_HOST)";
				FRAMEWORK_SEARCH_PATHS = (
					"$(SDKROOT)/Developer/Library/Frameworks",
					"$(inherited)",
				);
				GCC_PREPROCESSOR_DEFINITIONS = (
					"DEBUG=1",
					"$(inherited)",
				);
				INFOPLIST_FILE = FizzBuzzTests/Info.plist;
				LD_RUNPATH_SEARCH_PATHS = "$(inherited) @executable_path/Frameworks @loader_path/Frameworks";
				PRODUCT_NAME = "$(TARGET_NAME)";
				TEST_HOST = "$(BUILT_PRODUCTS_DIR)/FizzBuzz.app/FizzBuzz";
			};
			name = Debug;
		};
		2F35BF3C1B45A02000816E1D /* Release */ = {
			isa = XCBuildConfiguration;
			buildSettings = {
				BUNDLE_LOADER = "$(TEST_HOST)";
				FRAMEWORK_SEARCH_PATHS = (
					"$(SDKROOT)/Developer/Library/Frameworks",
					"$(inherited)",
				);
				INFOPLIST_FILE = FizzBuzzTests/Info.plist;
				LD_RUNPATH_SEARCH_PATHS = "$(inherited) @executable_path/Frameworks @loader_path/Frameworks";
				PRODUCT_NAME = "$(TARGET_NAME)";
				TEST_HOST = "$(BUILT_PRODUCTS_DIR)/FizzBuzz.app/FizzBuzz";
			};
			name = Release;
		};
/* End XCBuildConfiguration section */

/* Begin XCConfigurationList section */
		2F35BF0C1B45A01D00816E1D /* Build configuration list for PBXProject "FizzBuzz" */ = {
			isa = XCConfigurationList;
			buildConfigurations = (
				2F35BF351B45A02000816E1D /* Debug */,
				2F35BF361B45A02000816E1D /* Release */,
			);
			defaultConfigurationIsVisible = 0;
			defaultConfigurationName = Release;
		};
		2F35BF371B45A02000816E1D /* Build configuration list for PBXNativeTarget "FizzBuzz" */ = {
			isa = XCConfigurationList;
			buildConfigurations = (
				2F35BF381B45A02000816E1D /* Debug */,
				2F35BF391B45A02000816E1D /* Release */,
			);
			defaultConfigurationIsVisible = 0;
		};
		2F35BF3A1B45A02000816E1D /* Build configuration list for PBXNativeTarget "FizzBuzzTests" */ = {
			isa = XCConfigurationList;
			buildConfigurations = (
				2F35BF3B1B45A02000816E1D /* Debug */,
				2F35BF3C1B45A02000816E1D /* Release */,
			);
			defaultConfigurationIsVisible = 0;
		};
/* End XCConfigurationList section */
	};
	rootObject = 2F35BF091B45A01D00816E1D /* Project object */;
}
